// !$*UTF8*$!
{
	archiveVersion = 1;
	classes = {
	};
	objectVersion = 51;
	objects = {

/* Begin PBXBuildFile section */
		390F9B2AB09912B53F888917 /* Pods_propertyManger.framework in Frameworks */ = {isa = PBXBuildFile; fileRef = 368A75AFFDD824E28B458BA1 /* Pods_propertyManger.framework */; };
		D19B138A25359B4C00BBD973 /* AppDelegate.swift in Sources */ = {isa = PBXBuildFile; fileRef = D19B138925359B4C00BBD973 /* AppDelegate.swift */; };
		D19B138C25359B4C00BBD973 /* SceneDelegate.swift in Sources */ = {isa = PBXBuildFile; fileRef = D19B138B25359B4C00BBD973 /* SceneDelegate.swift */; };
		D19B138E25359B4C00BBD973 /* ViewController.swift in Sources */ = {isa = PBXBuildFile; fileRef = D19B138D25359B4C00BBD973 /* ViewController.swift */; };
		D19B139125359B4C00BBD973 /* Main.storyboard in Resources */ = {isa = PBXBuildFile; fileRef = D19B138F25359B4C00BBD973 /* Main.storyboard */; };
		D19B139325359B4E00BBD973 /* Assets.xcassets in Resources */ = {isa = PBXBuildFile; fileRef = D19B139225359B4E00BBD973 /* Assets.xcassets */; };
		D19B139625359B4E00BBD973 /* LaunchScreen.storyboard in Resources */ = {isa = PBXBuildFile; fileRef = D19B139425359B4E00BBD973 /* LaunchScreen.storyboard */; };
		D19B139F25359CC400BBD973 /* GoogleService-Info.plist in Resources */ = {isa = PBXBuildFile; fileRef = D19B139E25359CC400BBD973 /* GoogleService-Info.plist */; };
		D19B13BA2535E05C00BBD973 /* Home-ViewController.swift in Sources */ = {isa = PBXBuildFile; fileRef = D19B13B92535E05C00BBD973 /* Home-ViewController.swift */; };
		D19B13BE2536F8A400BBD973 /* RegisterProperty-ViewController.swift in Sources */ = {isa = PBXBuildFile; fileRef = D19B13BD2536F8A400BBD973 /* RegisterProperty-ViewController.swift */; };
		D19B14002539C71200BBD973 /* RegisterPropertyAndTenants-ViewController.swift in Sources */ = {isa = PBXBuildFile; fileRef = D19B13FF2539C71200BBD973 /* RegisterPropertyAndTenants-ViewController.swift */; };
		D1DDE8ED253F0C02002D0FF3 /* PropertyName-TableViewCell.swift in Sources */ = {isa = PBXBuildFile; fileRef = D1DDE8EC253F0C02002D0FF3 /* PropertyName-TableViewCell.swift */; };
		D1DDE9132540A6BE002D0FF3 /* RegisterTenants-ViewController.swift in Sources */ = {isa = PBXBuildFile; fileRef = D1DDE9122540A6BD002D0FF3 /* RegisterTenants-ViewController.swift */; };
		D1DDE91A2540BE37002D0FF3 /* Tanants-TableViewCell.swift in Sources */ = {isa = PBXBuildFile; fileRef = D1DDE9192540BE37002D0FF3 /* Tanants-TableViewCell.swift */; };
/* End PBXBuildFile section */

/* Begin PBXFileReference section */
		2916A92734D1117E2AED6B42 /* Pods-propertyManger.release.xcconfig */ = {isa = PBXFileReference; includeInIndex = 1; lastKnownFileType = text.xcconfig; name = "Pods-propertyManger.release.xcconfig"; path = "Target Support Files/Pods-propertyManger/Pods-propertyManger.release.xcconfig"; sourceTree = "<group>"; };
		368A75AFFDD824E28B458BA1 /* Pods_propertyManger.framework */ = {isa = PBXFileReference; explicitFileType = wrapper.framework; includeInIndex = 0; path = Pods_propertyManger.framework; sourceTree = BUILT_PRODUCTS_DIR; };
		D19B138625359B4C00BBD973 /* propertyManger.app */ = {isa = PBXFileReference; explicitFileType = wrapper.application; includeInIndex = 0; path = propertyManger.app; sourceTree = BUILT_PRODUCTS_DIR; };
		D19B138925359B4C00BBD973 /* AppDelegate.swift */ = {isa = PBXFileReference; lastKnownFileType = sourcecode.swift; path = AppDelegate.swift; sourceTree = "<group>"; };
		D19B138B25359B4C00BBD973 /* SceneDelegate.swift */ = {isa = PBXFileReference; lastKnownFileType = sourcecode.swift; path = SceneDelegate.swift; sourceTree = "<group>"; };
		D19B138D25359B4C00BBD973 /* ViewController.swift */ = {isa = PBXFileReference; lastKnownFileType = sourcecode.swift; path = ViewController.swift; sourceTree = "<group>"; };
		D19B139025359B4C00BBD973 /* Base */ = {isa = PBXFileReference; lastKnownFileType = file.storyboard; name = Base; path = Base.lproj/Main.storyboard; sourceTree = "<group>"; };
		D19B139225359B4E00BBD973 /* Assets.xcassets */ = {isa = PBXFileReference; lastKnownFileType = folder.assetcatalog; path = Assets.xcassets; sourceTree = "<group>"; };
		D19B139525359B4E00BBD973 /* Base */ = {isa = PBXFileReference; lastKnownFileType = file.storyboard; name = Base; path = Base.lproj/LaunchScreen.storyboard; sourceTree = "<group>"; };
		D19B139725359B4E00BBD973 /* Info.plist */ = {isa = PBXFileReference; lastKnownFileType = text.plist.xml; path = Info.plist; sourceTree = "<group>"; };
		D19B139E25359CC400BBD973 /* GoogleService-Info.plist */ = {isa = PBXFileReference; fileEncoding = 4; lastKnownFileType = text.plist.xml; path = "GoogleService-Info.plist"; sourceTree = "<group>"; };
		D19B13B92535E05C00BBD973 /* Home-ViewController.swift */ = {isa = PBXFileReference; lastKnownFileType = sourcecode.swift; path = "Home-ViewController.swift"; sourceTree = "<group>"; };
		D19B13BD2536F8A400BBD973 /* RegisterProperty-ViewController.swift */ = {isa = PBXFileReference; lastKnownFileType = sourcecode.swift; path = "RegisterProperty-ViewController.swift"; sourceTree = "<group>"; };
		D19B13FF2539C71200BBD973 /* RegisterPropertyAndTenants-ViewController.swift */ = {isa = PBXFileReference; lastKnownFileType = sourcecode.swift; path = "RegisterPropertyAndTenants-ViewController.swift"; sourceTree = "<group>"; };
		D1DDE8EC253F0C02002D0FF3 /* PropertyName-TableViewCell.swift */ = {isa = PBXFileReference; lastKnownFileType = sourcecode.swift; path = "PropertyName-TableViewCell.swift"; sourceTree = "<group>"; };
		D1DDE9122540A6BD002D0FF3 /* RegisterTenants-ViewController.swift */ = {isa = PBXFileReference; lastKnownFileType = sourcecode.swift; path = "RegisterTenants-ViewController.swift"; sourceTree = "<group>"; };
		D1DDE9192540BE37002D0FF3 /* Tanants-TableViewCell.swift */ = {isa = PBXFileReference; lastKnownFileType = sourcecode.swift; path = "Tanants-TableViewCell.swift"; sourceTree = "<group>"; };
		F9CF29C85BCEBFCF05E0A19F /* Pods-propertyManger.debug.xcconfig */ = {isa = PBXFileReference; includeInIndex = 1; lastKnownFileType = text.xcconfig; name = "Pods-propertyManger.debug.xcconfig"; path = "Target Support Files/Pods-propertyManger/Pods-propertyManger.debug.xcconfig"; sourceTree = "<group>"; };
/* End PBXFileReference section */

/* Begin PBXFrameworksBuildPhase section */
		D19B138325359B4C00BBD973 /* Frameworks */ = {
			isa = PBXFrameworksBuildPhase;
			buildActionMask = 2147483647;
			files = (
				390F9B2AB09912B53F888917 /* Pods_propertyManger.framework in Frameworks */,
			);
			runOnlyForDeploymentPostprocessing = 0;
		};
/* End PBXFrameworksBuildPhase section */

/* Begin PBXGroup section */
		327AEE4A409E4BCC42295290 /* Frameworks */ = {
			isa = PBXGroup;
			children = (
				368A75AFFDD824E28B458BA1 /* Pods_propertyManger.framework */,
			);
			name = Frameworks;
			sourceTree = "<group>";
		};
		4FB38A8FA5CB60EF00814D2E /* Pods */ = {
			isa = PBXGroup;
			children = (
				F9CF29C85BCEBFCF05E0A19F /* Pods-propertyManger.debug.xcconfig */,
				2916A92734D1117E2AED6B42 /* Pods-propertyManger.release.xcconfig */,
			);
			path = Pods;
			sourceTree = "<group>";
		};
		D19B137D25359B4C00BBD973 = {
			isa = PBXGroup;
			children = (
				D19B138825359B4C00BBD973 /* propertyManger */,
				D19B138725359B4C00BBD973 /* Products */,
				4FB38A8FA5CB60EF00814D2E /* Pods */,
				327AEE4A409E4BCC42295290 /* Frameworks */,
			);
			sourceTree = "<group>";
		};
		D19B138725359B4C00BBD973 /* Products */ = {
			isa = PBXGroup;
			children = (
				D19B138625359B4C00BBD973 /* propertyManger.app */,
			);
			name = Products;
			sourceTree = "<group>";
		};
		D19B138825359B4C00BBD973 /* propertyManger */ = {
			isa = PBXGroup;
			children = (
				D19B138925359B4C00BBD973 /* AppDelegate.swift */,
				D19B138B25359B4C00BBD973 /* SceneDelegate.swift */,
				D19B138D25359B4C00BBD973 /* ViewController.swift */,
				D19B138F25359B4C00BBD973 /* Main.storyboard */,
				D1DDE9192540BE37002D0FF3 /* Tanants-TableViewCell.swift */,
				D1DDE9122540A6BD002D0FF3 /* RegisterTenants-ViewController.swift */,
				D19B13BD2536F8A400BBD973 /* RegisterProperty-ViewController.swift */,
				D19B13B92535E05C00BBD973 /* Home-ViewController.swift */,
				D19B139225359B4E00BBD973 /* Assets.xcassets */,
				D19B139425359B4E00BBD973 /* LaunchScreen.storyboard */,
				D19B139725359B4E00BBD973 /* Info.plist */,
				D19B13FF2539C71200BBD973 /* RegisterPropertyAndTenants-ViewController.swift */,
				D1DDE8EC253F0C02002D0FF3 /* PropertyName-TableViewCell.swift */,
				D19B139E25359CC400BBD973 /* GoogleService-Info.plist */,
			);
			path = propertyManger;
			sourceTree = "<group>";
		};
/* End PBXGroup section */

/* Begin PBXNativeTarget section */
		D19B138525359B4C00BBD973 /* propertyManger */ = {
			isa = PBXNativeTarget;
			buildConfigurationList = D19B139A25359B4E00BBD973 /* Build configuration list for PBXNativeTarget "propertyManger" */;
			buildPhases = (
				C362CB6BA3A326A2F159366D /* [CP] Check Pods Manifest.lock */,
				D19B138225359B4C00BBD973 /* Sources */,
				D19B138325359B4C00BBD973 /* Frameworks */,
				D19B138425359B4C00BBD973 /* Resources */,
				C20C4940CD768C08617BDB98 /* [CP] Embed Pods Frameworks */,
			);
			buildRules = (
			);
			dependencies = (
			);
			name = propertyManger;
			productName = propertyManger;
			productReference = D19B138625359B4C00BBD973 /* propertyManger.app */;
			productType = "com.apple.product-type.application";
		};
/* End PBXNativeTarget section */

/* Begin PBXProject section */
		D19B137E25359B4C00BBD973 /* Project object */ = {
			isa = PBXProject;
			attributes = {
				LastSwiftUpdateCheck = 1200;
				LastUpgradeCheck = 1200;
				TargetAttributes = {
					D19B138525359B4C00BBD973 = {
						CreatedOnToolsVersion = 12.0;
					};
				};
			};
			buildConfigurationList = D19B138125359B4C00BBD973 /* Build configuration list for PBXProject "propertyManger" */;
			compatibilityVersion = "Xcode 9.3";
			developmentRegion = en;
			hasScannedForEncodings = 0;
			knownRegions = (
				en,
				Base,
			);
			mainGroup = D19B137D25359B4C00BBD973;
			productRefGroup = D19B138725359B4C00BBD973 /* Products */;
			projectDirPath = "";
			projectRoot = "";
			targets = (
				D19B138525359B4C00BBD973 /* propertyManger */,
			);
		};
/* End PBXProject section */

/* Begin PBXResourcesBuildPhase section */
		D19B138425359B4C00BBD973 /* Resources */ = {
			isa = PBXResourcesBuildPhase;
			buildActionMask = 2147483647;
			files = (
				D19B139625359B4E00BBD973 /* LaunchScreen.storyboard in Resources */,
				D19B139F25359CC400BBD973 /* GoogleService-Info.plist in Resources */,
				D19B139325359B4E00BBD973 /* Assets.xcassets in Resources */,
				D19B139125359B4C00BBD973 /* Main.storyboard in Resources */,
			);
			runOnlyForDeploymentPostprocessing = 0;
		};
/* End PBXResourcesBuildPhase section */

/* Begin PBXShellScriptBuildPhase section */
		C20C4940CD768C08617BDB98 /* [CP] Embed Pods Frameworks */ = {
			isa = PBXShellScriptBuildPhase;
			buildActionMask = 2147483647;
			files = (
			);
			inputFileListPaths = (
				"${PODS_ROOT}/Target Support Files/Pods-propertyManger/Pods-propertyManger-frameworks-${CONFIGURATION}-input-files.xcfilelist",
			);
			name = "[CP] Embed Pods Frameworks";
			outputFileListPaths = (
				"${PODS_ROOT}/Target Support Files/Pods-propertyManger/Pods-propertyManger-frameworks-${CONFIGURATION}-output-files.xcfilelist",
			);
			runOnlyForDeploymentPostprocessing = 0;
			shellPath = /bin/sh;
			shellScript = "\"${PODS_ROOT}/Target Support Files/Pods-propertyManger/Pods-propertyManger-frameworks.sh\"\n";
			showEnvVarsInLog = 0;
		};
		C362CB6BA3A326A2F159366D /* [CP] Check Pods Manifest.lock */ = {
			isa = PBXShellScriptBuildPhase;
			buildActionMask = 2147483647;
			files = (
			);
			inputFileListPaths = (
			);
			inputPaths = (
				"${PODS_PODFILE_DIR_PATH}/Podfile.lock",
				"${PODS_ROOT}/Manifest.lock",
			);
			name = "[CP] Check Pods Manifest.lock";
			outputFileListPaths = (
			);
			outputPaths = (
				"$(DERIVED_FILE_DIR)/Pods-propertyManger-checkManifestLockResult.txt",
			);
			runOnlyForDeploymentPostprocessing = 0;
			shellPath = /bin/sh;
			shellScript = "diff \"${PODS_PODFILE_DIR_PATH}/Podfile.lock\" \"${PODS_ROOT}/Manifest.lock\" > /dev/null\nif [ $? != 0 ] ; then\n    # print error to STDERR\n    echo \"error: The sandbox is not in sync with the Podfile.lock. Run 'pod install' or update your CocoaPods installation.\" >&2\n    exit 1\nfi\n# This output is used by Xcode 'outputs' to avoid re-running this script phase.\necho \"SUCCESS\" > \"${SCRIPT_OUTPUT_FILE_0}\"\n";
			showEnvVarsInLog = 0;
		};
/* End PBXShellScriptBuildPhase section */

/* Begin PBXSourcesBuildPhase section */
		D19B138225359B4C00BBD973 /* Sources */ = {
			isa = PBXSourcesBuildPhase;
			buildActionMask = 2147483647;
			files = (
				D19B138E25359B4C00BBD973 /* ViewController.swift in Sources */,
				D19B13BA2535E05C00BBD973 /* Home-ViewController.swift in Sources */,
				D19B14002539C71200BBD973 /* RegisterPropertyAndTenants-ViewController.swift in Sources */,
				D19B13BE2536F8A400BBD973 /* RegisterProperty-ViewController.swift in Sources */,
				D1DDE8ED253F0C02002D0FF3 /* PropertyName-TableViewCell.swift in Sources */,
				D1DDE9132540A6BE002D0FF3 /* RegisterTenants-ViewController.swift in Sources */,
				D1DDE91A2540BE37002D0FF3 /* Tanants-TableViewCell.swift in Sources */,
				D19B138A25359B4C00BBD973 /* AppDelegate.swift in Sources */,
				D19B138C25359B4C00BBD973 /* SceneDelegate.swift in Sources */,
			);
			runOnlyForDeploymentPostprocessing = 0;
		};
/* End PBXSourcesBuildPhase section */

/* Begin PBXVariantGroup section */
		D19B138F25359B4C00BBD973 /* Main.storyboard */ = {
			isa = PBXVariantGroup;
			children = (
				D19B139025359B4C00BBD973 /* Base */,
			);
			name = Main.storyboard;
			sourceTree = "<group>";
		};
		D19B139425359B4E00BBD973 /* LaunchScreen.storyboard */ = {
			isa = PBXVariantGroup;
			children = (
				D19B139525359B4E00BBD973 /* Base */,
			);
			name = LaunchScreen.storyboard;
			sourceTree = "<group>";
		};
/* End PBXVariantGroup section */

/* Begin XCBuildConfiguration section */
		D19B139825359B4E00BBD973 /* Debug */ = {
			isa = XCBuildConfiguration;
			buildSettings = {
				ALWAYS_SEARCH_USER_PATHS = NO;
				CLANG_ANALYZER_NONNULL = YES;
				CLANG_ANALYZER_NUMBER_OBJECT_CONVERSION = YES_AGGRESSIVE;
				CLANG_CXX_LANGUAGE_STANDARD = "gnu++14";
				CLANG_CXX_LIBRARY = "libc++";
				CLANG_ENABLE_MODULES = YES;
				CLANG_ENABLE_OBJC_ARC = YES;
				CLANG_ENABLE_OBJC_WEAK = YES;
				CLANG_WARN_BLOCK_CAPTURE_AUTORELEASING = YES;
				CLANG_WARN_BOOL_CONVERSION = YES;
				CLANG_WARN_COMMA = YES;
				CLANG_WARN_CONSTANT_CONVERSION = YES;
				CLANG_WARN_DEPRECATED_OBJC_IMPLEMENTATIONS = YES;
				CLANG_WARN_DIRECT_OBJC_ISA_USAGE = YES_ERROR;
				CLANG_WARN_DOCUMENTATION_COMMENTS = YES;
				CLANG_WARN_EMPTY_BODY = YES;
				CLANG_WARN_ENUM_CONVERSION = YES;
				CLANG_WARN_INFINITE_RECURSION = YES;
				CLANG_WARN_INT_CONVERSION = YES;
				CLANG_WARN_NON_LITERAL_NULL_CONVERSION = YES;
				CLANG_WARN_OBJC_IMPLICIT_RETAIN_SELF = YES;
				CLANG_WARN_OBJC_LITERAL_CONVERSION = YES;
				CLANG_WARN_OBJC_ROOT_CLASS = YES_ERROR;
				CLANG_WARN_QUOTED_INCLUDE_IN_FRAMEWORK_HEADER = YES;
				CLANG_WARN_RANGE_LOOP_ANALYSIS = YES;
				CLANG_WARN_STRICT_PROTOTYPES = YES;
				CLANG_WARN_SUSPICIOUS_MOVE = YES;
				CLANG_WARN_UNGUARDED_AVAILABILITY = YES_AGGRESSIVE;
				CLANG_WARN_UNREACHABLE_CODE = YES;
				CLANG_WARN__DUPLICATE_METHOD_MATCH = YES;
				COPY_PHASE_STRIP = NO;
				DEBUG_INFORMATION_FORMAT = dwarf;
				ENABLE_STRICT_OBJC_MSGSEND = YES;
				ENABLE_TESTABILITY = YES;
				GCC_C_LANGUAGE_STANDARD = gnu11;
				GCC_DYNAMIC_NO_PIC = NO;
				GCC_NO_COMMON_BLOCKS = YES;
				GCC_OPTIMIZATION_LEVEL = 0;
				GCC_PREPROCESSOR_DEFINITIONS = (
					"DEBUG=1",
					"$(inherited)",
				);
				GCC_WARN_64_TO_32_BIT_CONVERSION = YES;
				GCC_WARN_ABOUT_RETURN_TYPE = YES_ERROR;
				GCC_WARN_UNDECLARED_SELECTOR = YES;
				GCC_WARN_UNINITIALIZED_AUTOS = YES_AGGRESSIVE;
				GCC_WARN_UNUSED_FUNCTION = YES;
				GCC_WARN_UNUSED_VARIABLE = YES;
				IPHONEOS_DEPLOYMENT_TARGET = 14.0;
				MTL_ENABLE_DEBUG_INFO = INCLUDE_SOURCE;
				MTL_FAST_MATH = YES;
				ONLY_ACTIVE_ARCH = YES;
				SDKROOT = iphoneos;
				SWIFT_ACTIVE_COMPILATION_CONDITIONS = DEBUG;
				SWIFT_OPTIMIZATION_LEVEL = "-Onone";
			};
			name = Debug;
		};
		D19B139925359B4E00BBD973 /* Release */ = {
			isa = XCBuildConfiguration;
			buildSettings = {
				ALWAYS_SEARCH_USER_PATHS = NO;
				CLANG_ANALYZER_NONNULL = YES;
				CLANG_ANALYZER_NUMBER_OBJECT_CONVERSION = YES_AGGRESSIVE;
				CLANG_CXX_LANGUAGE_STANDARD = "gnu++14";
				CLANG_CXX_LIBRARY = "libc++";
				CLANG_ENABLE_MODULES = YES;
				CLANG_ENABLE_OBJC_ARC = YES;
				CLANG_ENABLE_OBJC_WEAK = YES;
				CLANG_WARN_BLOCK_CAPTURE_AUTORELEASING = YES;
				CLANG_WARN_BOOL_CONVERSION = YES;
				CLANG_WARN_COMMA = YES;
				CLANG_WARN_CONSTANT_CONVERSION = YES;
				CLANG_WARN_DEPRECATED_OBJC_IMPLEMENTATIONS = YES;
				CLANG_WARN_DIRECT_OBJC_ISA_USAGE = YES_ERROR;
				CLANG_WARN_DOCUMENTATION_COMMENTS = YES;
				CLANG_WARN_EMPTY_BODY = YES;
				CLANG_WARN_ENUM_CONVERSION = YES;
				CLANG_WARN_INFINITE_RECURSION = YES;
				CLANG_WARN_INT_CONVERSION = YES;
				CLANG_WARN_NON_LITERAL_NULL_CONVERSION = YES;
				CLANG_WARN_OBJC_IMPLICIT_RETAIN_SELF = YES;
				CLANG_WARN_OBJC_LITERAL_CONVERSION = YES;
				CLANG_WARN_OBJC_ROOT_CLASS = YES_ERROR;
				CLANG_WARN_QUOTED_INCLUDE_IN_FRAMEWORK_HEADER = YES;
				CLANG_WARN_RANGE_LOOP_ANALYSIS = YES;
				CLANG_WARN_STRICT_PROTOTYPES = YES;
				CLANG_WARN_SUSPICIOUS_MOVE = YES;
				CLANG_WARN_UNGUARDED_AVAILABILITY = YES_AGGRESSIVE;
				CLANG_WARN_UNREACHABLE_CODE = YES;
				CLANG_WARN__DUPLICATE_METHOD_MATCH = YES;
				COPY_PHASE_STRIP = NO;
				DEBUG_INFORMATION_FORMAT = "dwarf-with-dsym";
				ENABLE_NS_ASSERTIONS = NO;
				ENABLE_STRICT_OBJC_MSGSEND = YES;
				GCC_C_LANGUAGE_STANDARD = gnu11;
				GCC_NO_COMMON_BLOCKS = YES;
				GCC_WARN_64_TO_32_BIT_CONVERSION = YES;
				GCC_WARN_ABOUT_RETURN_TYPE = YES_ERROR;
				GCC_WARN_UNDECLARED_SELECTOR = YES;
				GCC_WARN_UNINITIALIZED_AUTOS = YES_AGGRESSIVE;
				GCC_WARN_UNUSED_FUNCTION = YES;
				GCC_WARN_UNUSED_VARIABLE = YES;
				IPHONEOS_DEPLOYMENT_TARGET = 14.0;
				MTL_ENABLE_DEBUG_INFO = NO;
				MTL_FAST_MATH = YES;
				SDKROOT = iphoneos;
				SWIFT_COMPILATION_MODE = wholemodule;
				SWIFT_OPTIMIZATION_LEVEL = "-O";
				VALIDATE_PRODUCT = YES;
			};
			name = Release;
		};
		D19B139B25359B4E00BBD973 /* Debug */ = {
			isa = XCBuildConfiguration;
			baseConfigurationReference = F9CF29C85BCEBFCF05E0A19F /* Pods-propertyManger.debug.xcconfig */;
			buildSettings = {
				ASSETCATALOG_COMPILER_APPICON_NAME = AppIcon;
				ASSETCATALOG_COMPILER_GLOBAL_ACCENT_COLOR_NAME = AccentColor;
				CODE_SIGN_STYLE = Automatic;
				DEVELOPMENT_TEAM = "";
				INFOPLIST_FILE = propertyManger/Info.plist;
				LD_RUNPATH_SEARCH_PATHS = (
					"$(inherited)",
					"@executable_path/Frameworks",
				);
				PRODUCT_BUNDLE_IDENTIFIER = michele.propertyManger;
				PRODUCT_NAME = "$(TARGET_NAME)";
				SWIFT_VERSION = 5.0;
				TARGETED_DEVICE_FAMILY = "1,2";
			};
			name = Debug;
		};
		D19B139C25359B4E00BBD973 /* Release */ = {
			isa = XCBuildConfiguration;
			baseConfigurationReference = 2916A92734D1117E2AED6B42 /* Pods-propertyManger.release.xcconfig */;
			buildSettings = {
				ASSETCATALOG_COMPILER_APPICON_NAME = AppIcon;
				ASSETCATALOG_COMPILER_GLOBAL_ACCENT_COLOR_NAME = AccentColor;
				CODE_SIGN_STYLE = Automatic;
				DEVELOPMENT_TEAM = "";
				INFOPLIST_FILE = propertyManger/Info.plist;
				LD_RUNPATH_SEARCH_PATHS = (
					"$(inherited)",
					"@executable_path/Frameworks",
				);
				PRODUCT_BUNDLE_IDENTIFIER = michele.propertyManger;
				PRODUCT_NAME = "$(TARGET_NAME)";
				SWIFT_VERSION = 5.0;
				TARGETED_DEVICE_FAMILY = "1,2";
			};
			name = Release;
		};
/* End XCBuildConfiguration section */

/* Begin XCConfigurationList section */
		D19B138125359B4C00BBD973 /* Build configuration list for PBXProject "propertyManger" */ = {
			isa = XCConfigurationList;
			buildConfigurations = (
				D19B139825359B4E00BBD973 /* Debug */,
				D19B139925359B4E00BBD973 /* Release */,
			);
			defaultConfigurationIsVisible = 0;
			defaultConfigurationName = Release;
		};
		D19B139A25359B4E00BBD973 /* Build configuration list for PBXNativeTarget "propertyManger" */ = {
			isa = XCConfigurationList;
			buildConfigurations = (
				D19B139B25359B4E00BBD973 /* Debug */,
				D19B139C25359B4E00BBD973 /* Release */,
			);
			defaultConfigurationIsVisible = 0;
			defaultConfigurationName = Release;
		};
/* End XCConfigurationList section */
	};
	rootObject = D19B137E25359B4C00BBD973 /* Project object */;
}
